
Microsoft Visual Studio Solution File, Format Version 11.00
# Visual Studio 2010
Project("{8BC9CEB8-8B4A-11D0-8D11-00A0C91BC942}") = "CombineVideoWithNoReEncode", "CombineVideoWithNoReEncode\CombineVideoWithNoReEncode.vcxproj", "{4082DAF8-A7A7-40BB-9278-4FD9065EEB5B}"
EndProject
Global
	GlobalSection(SolutionConfigurationPlatforms) = preSolution
		Debug|Win32 = Debug|Win32
		Release|Win32 = Release|Win32
	EndGlobalSection
	GlobalSection(ProjectConfigurationPlatforms) = postSolution
		{4082DAF8-A7A7-40BB-9278-4FD9065EEB5B}.Debug|Win32.ActiveCfg = Debug|Win32
		{4082DAF8-A7A7-40BB-9278-4FD9065EEB5B}.Debug|Win32.Build.0 = Debug|Win32
		{4082DAF8-A7A7-40BB-9278-4FD9065EEB5B}.Release|Win32.ActiveCfg = Release|Win32
		{4082DAF8-A7A7-40BB-9278-4FD9065EEB5B}.Release|Win32.Build.0 = Release|Win32
	EndGlobalSection
	GlobalSection(SolutionProperties) = preSolution
		HideSolutionNode = FALSE
	EndGlobalSection
EndGlobal
